
Microsoft Visual Studio Solution File, Format Version 12.00
# Visual Studio Version 17
VisualStudioVersion = 17.10.35027.167
MinimumVisualStudioVersion = 10.0.40219.1
Project("{FAE04EC0-301F-11D3-BF4B-00C04F79EFBC}") = "ActionSelectors", "ActionSelectors\ActionSelectors.csproj", "{CE6CB100-90F9-4022-A5DA-EFBB45D88B9A}"
EndProject
Global
	GlobalSection(SolutionConfigurationPlatforms) = preSolution
		Debug|Any CPU = Debug|Any CPU
		Release|Any CPU = Release|Any CPU
	EndGlobalSection
	GlobalSection(ProjectConfigurationPlatforms) = postSolution
		{CE6CB100-90F9-4022-A5DA-EFBB45D88B9A}.Debug|Any CPU.ActiveCfg = Debug|Any CPU
		{CE6CB100-90F9-4022-A5DA-EFBB45D88B9A}.Debug|Any CPU.Build.0 = Debug|Any CPU
		{CE6CB100-90F9-4022-A5DA-EFBB45D88B9A}.Release|Any CPU.ActiveCfg = Release|Any CPU
		{CE6CB100-90F9-4022-A5DA-EFBB45D88B9A}.Release|Any CPU.Build.0 = Release|Any CPU
	EndGlobalSection
	GlobalSection(SolutionProperties) = preSolution
		HideSolutionNode = FALSE
	EndGlobalSection
	GlobalSection(ExtensibilityGlobals) = postSolution
		SolutionGuid = {ADD50AA5-6B16-4096-BAE0-D4850CF5FA24}
	EndGlobalSection
EndGlobal
