
Microsoft Visual Studio Solution File, Format Version 12.00
# Visual Studio Version 17
VisualStudioVersion = 17.10.35027.167
MinimumVisualStudioVersion = 10.0.40219.1
Project("{FAE04EC0-301F-11D3-BF4B-00C04F79EFBC}") = "ModelLayer", "ModelLayer\ModelLayer.csproj", "{6E84C9E7-E2B3-40AD-B346-CB8394C61376}"
EndProject
Global
	GlobalSection(SolutionConfigurationPlatforms) = preSolution
		Debug|Any CPU = Debug|Any CPU
		Release|Any CPU = Release|Any CPU
	EndGlobalSection
	GlobalSection(ProjectConfigurationPlatforms) = postSolution
		{6E84C9E7-E2B3-40AD-B346-CB8394C61376}.Debug|Any CPU.ActiveCfg = Debug|Any CPU
		{6E84C9E7-E2B3-40AD-B346-CB8394C61376}.Debug|Any CPU.Build.0 = Debug|Any CPU
		{6E84C9E7-E2B3-40AD-B346-CB8394C61376}.Release|Any CPU.ActiveCfg = Release|Any CPU
		{6E84C9E7-E2B3-40AD-B346-CB8394C61376}.Release|Any CPU.Build.0 = Release|Any CPU
	EndGlobalSection
	GlobalSection(SolutionProperties) = preSolution
		HideSolutionNode = FALSE
	EndGlobalSection
	GlobalSection(ExtensibilityGlobals) = postSolution
		SolutionGuid = {61FF981C-D540-4D75-9439-27AB6B54F4C7}
	EndGlobalSection
EndGlobal
